
Microsoft Visual Studio Solution File, Format Version 12.00
# Visual Studio 2012
Project("{FAE04EC0-301F-11D3-BF4B-00C04F79EFBC}") = "HealthCrossplatform.Core", "HealthCrossplatform.Core\HealthCrossplatform.Core.csproj", "{E7C13AF1-1203-48B4-B53F-34E64357F06C}"
EndProject
Project("{FAE04EC0-301F-11D3-BF4B-00C04F79EFBC}") = "HealthCrossplatform.Droid", "HealthCrossplatform.Droid\HealthCrossplatform.Droid.csproj", "{0ED99A30-34A1-4E5B-BF1A-58DD84A2FA57}"
EndProject
Project("{FAE04EC0-301F-11D3-BF4B-00C04F79EFBC}") = "HealthCrossplatform.iOS", "HealthCrossplatform.iOS\HealthCrossplatform.iOS.csproj", "{B6E6994F-9168-4B1C-BD56-D29CDD929953}"
EndProject
Global
	GlobalSection(SolutionConfigurationPlatforms) = preSolution
		Debug|Any CPU = Debug|Any CPU
		Release|Any CPU = Release|Any CPU
		Debug|iPhoneSimulator = Debug|iPhoneSimulator
		Release|iPhone = Release|iPhone
		Release|iPhoneSimulator = Release|iPhoneSimulator
		Debug|iPhone = Debug|iPhone
	EndGlobalSection
	GlobalSection(ProjectConfigurationPlatforms) = postSolution
		{E7C13AF1-1203-48B4-B53F-34E64357F06C}.Debug|Any CPU.ActiveCfg = Debug|Any CPU
		{E7C13AF1-1203-48B4-B53F-34E64357F06C}.Debug|Any CPU.Build.0 = Debug|Any CPU
		{E7C13AF1-1203-48B4-B53F-34E64357F06C}.Release|Any CPU.ActiveCfg = Release|Any CPU
		{E7C13AF1-1203-48B4-B53F-34E64357F06C}.Release|Any CPU.Build.0 = Release|Any CPU
		{E7C13AF1-1203-48B4-B53F-34E64357F06C}.Debug|iPhoneSimulator.ActiveCfg = Debug|Any CPU
		{E7C13AF1-1203-48B4-B53F-34E64357F06C}.Debug|iPhoneSimulator.Build.0 = Debug|Any CPU
		{E7C13AF1-1203-48B4-B53F-34E64357F06C}.Release|iPhone.ActiveCfg = Release|Any CPU
		{E7C13AF1-1203-48B4-B53F-34E64357F06C}.Release|iPhone.Build.0 = Release|Any CPU
		{E7C13AF1-1203-48B4-B53F-34E64357F06C}.Release|iPhoneSimulator.ActiveCfg = Release|Any CPU
		{E7C13AF1-1203-48B4-B53F-34E64357F06C}.Release|iPhoneSimulator.Build.0 = Release|Any CPU
		{E7C13AF1-1203-48B4-B53F-34E64357F06C}.Debug|iPhone.ActiveCfg = Debug|Any CPU
		{E7C13AF1-1203-48B4-B53F-34E64357F06C}.Debug|iPhone.Build.0 = Debug|Any CPU
		{0ED99A30-34A1-4E5B-BF1A-58DD84A2FA57}.Debug|Any CPU.ActiveCfg = Debug|Any CPU
		{0ED99A30-34A1-4E5B-BF1A-58DD84A2FA57}.Debug|Any CPU.Build.0 = Debug|Any CPU
		{0ED99A30-34A1-4E5B-BF1A-58DD84A2FA57}.Release|Any CPU.ActiveCfg = Release|Any CPU
		{0ED99A30-34A1-4E5B-BF1A-58DD84A2FA57}.Release|Any CPU.Build.0 = Release|Any CPU
		{0ED99A30-34A1-4E5B-BF1A-58DD84A2FA57}.Debug|iPhoneSimulator.ActiveCfg = Debug|Any CPU
		{0ED99A30-34A1-4E5B-BF1A-58DD84A2FA57}.Debug|iPhoneSimulator.Build.0 = Debug|Any CPU
		{0ED99A30-34A1-4E5B-BF1A-58DD84A2FA57}.Release|iPhone.ActiveCfg = Release|Any CPU
		{0ED99A30-34A1-4E5B-BF1A-58DD84A2FA57}.Release|iPhone.Build.0 = Release|Any CPU
		{0ED99A30-34A1-4E5B-BF1A-58DD84A2FA57}.Release|iPhoneSimulator.ActiveCfg = Release|Any CPU
		{0ED99A30-34A1-4E5B-BF1A-58DD84A2FA57}.Release|iPhoneSimulator.Build.0 = Release|Any CPU
		{0ED99A30-34A1-4E5B-BF1A-58DD84A2FA57}.Debug|iPhone.ActiveCfg = Debug|Any CPU
		{0ED99A30-34A1-4E5B-BF1A-58DD84A2FA57}.Debug|iPhone.Build.0 = Debug|Any CPU
		{B6E6994F-9168-4B1C-BD56-D29CDD929953}.Debug|Any CPU.ActiveCfg = Debug|iPhoneSimulator
		{B6E6994F-9168-4B1C-BD56-D29CDD929953}.Debug|Any CPU.Build.0 = Debug|iPhoneSimulator
		{B6E6994F-9168-4B1C-BD56-D29CDD929953}.Release|Any CPU.ActiveCfg = Release|iPhone
		{B6E6994F-9168-4B1C-BD56-D29CDD929953}.Release|Any CPU.Build.0 = Release|iPhone
		{B6E6994F-9168-4B1C-BD56-D29CDD929953}.Debug|iPhoneSimulator.ActiveCfg = Debug|iPhoneSimulator
		{B6E6994F-9168-4B1C-BD56-D29CDD929953}.Debug|iPhoneSimulator.Build.0 = Debug|iPhoneSimulator
		{B6E6994F-9168-4B1C-BD56-D29CDD929953}.Release|iPhone.ActiveCfg = Release|iPhone
		{B6E6994F-9168-4B1C-BD56-D29CDD929953}.Release|iPhone.Build.0 = Release|iPhone
		{B6E6994F-9168-4B1C-BD56-D29CDD929953}.Release|iPhoneSimulator.ActiveCfg = Release|iPhoneSimulator
		{B6E6994F-9168-4B1C-BD56-D29CDD929953}.Release|iPhoneSimulator.Build.0 = Release|iPhoneSimulator
		{B6E6994F-9168-4B1C-BD56-D29CDD929953}.Debug|iPhone.ActiveCfg = Debug|iPhone
		{B6E6994F-9168-4B1C-BD56-D29CDD929953}.Debug|iPhone.Build.0 = Debug|iPhone
	EndGlobalSection
EndGlobal
